
Microsoft Visual Studio Solution File, Format Version 12.00
# Visual Studio Version 16
VisualStudioVersion = 16.0.29509.3
MinimumVisualStudioVersion = 10.0.40219.1
Project("{FAE04EC0-301F-11D3-BF4B-00C04F79EFBC}") = "MusicDownloader", "MusicDownloader\MusicDownloader.csproj", "{BBDB1ACD-9183-4B06-B43F-ACD0A13ED644}"
EndProject
Global
	GlobalSection(SolutionConfigurationPlatforms) = preSolution
		Debug|Any CPU = Debug|Any CPU
		Release|Any CPU = Release|Any CPU
	EndGlobalSection
	GlobalSection(ProjectConfigurationPlatforms) = postSolution
		{BBDB1ACD-9183-4B06-B43F-ACD0A13ED644}.Debug|Any CPU.ActiveCfg = Debug|Any CPU
		{BBDB1ACD-9183-4B06-B43F-ACD0A13ED644}.Debug|Any CPU.Build.0 = Debug|Any CPU
		{BBDB1ACD-9183-4B06-B43F-ACD0A13ED644}.Release|Any CPU.ActiveCfg = Release|Any CPU
		{BBDB1ACD-9183-4B06-B43F-ACD0A13ED644}.Release|Any CPU.Build.0 = Release|Any CPU
	EndGlobalSection
	GlobalSection(SolutionProperties) = preSolution
		HideSolutionNode = FALSE
	EndGlobalSection
	GlobalSection(ExtensibilityGlobals) = postSolution
		SolutionGuid = {DDE92BBE-715E-4FF9-968F-57DCA11817CF}
	EndGlobalSection
EndGlobal
